<Solution>
  <Project Path="SparkToCode_Hotel Managment System/SparkToCode_Hotel Managment System.csproj" Id="550aa37f-d4dc-49fa-b847-0ebf72bb4876" />
  <Project Path="SparkToCode_Task3/SparkToCode_Task3.csproj" Id="1764da12-c791-4907-bf32-40b6e74415d8" />
  <Project Path="SparkToCode_test1/SparkToCode_test1.csproj" />
  <Project Path="Task1/Task1.csproj" Id="72dbbef8-aaae-4aa4-afa4-12abb3bbd762" />
</Solution>

